
Microsoft Visual Studio Solution File, Format Version 12.00
# Visual Studio Version 16
VisualStudioVersion = 16.0.33328.57
MinimumVisualStudioVersion = 10.0.40219.1
Project("{FAE04EC0-301F-11D3-BF4B-00C04F79EFBC}") = "lab02", "lab02\lab02.csproj", "{379F19A0-851F-463F-A560-D1C5FF8CA36C}"
EndProject
Global
	GlobalSection(SolutionConfigurationPlatforms) = preSolution
		Debug|Any CPU = Debug|Any CPU
		Release|Any CPU = Release|Any CPU
	EndGlobalSection
	GlobalSection(ProjectConfigurationPlatforms) = postSolution
		{379F19A0-851F-463F-A560-D1C5FF8CA36C}.Debug|Any CPU.ActiveCfg = Debug|Any CPU
		{379F19A0-851F-463F-A560-D1C5FF8CA36C}.Debug|Any CPU.Build.0 = Debug|Any CPU
		{379F19A0-851F-463F-A560-D1C5FF8CA36C}.Release|Any CPU.ActiveCfg = Release|Any CPU
		{379F19A0-851F-463F-A560-D1C5FF8CA36C}.Release|Any CPU.Build.0 = Release|Any CPU
	EndGlobalSection
	GlobalSection(SolutionProperties) = preSolution
		HideSolutionNode = FALSE
	EndGlobalSection
	GlobalSection(ExtensibilityGlobals) = postSolution
		SolutionGuid = {E552D9F3-23F5-4F2B-AFA3-27EC0D31E04A}
	EndGlobalSection
EndGlobal
